// !$*UTF8*$!
{
	archiveVersion = 1;
	classes = {
	};
	objectVersion = 50;
	objects = {

/* Begin PBXBuildFile section */
		9BA71A1521E0F712009EC1DE /* AppDelegate.swift in Sources */ = {isa = PBXBuildFile; fileRef = 9BA71A1421E0F712009EC1DE /* AppDelegate.swift */; };
		9BA71A1A21E0F712009EC1DE /* Main.storyboard in Resources */ = {isa = PBXBuildFile; fileRef = 9BA71A1821E0F712009EC1DE /* Main.storyboard */; };
		9BA71A1C21E0F714009EC1DE /* Assets.xcassets in Resources */ = {isa = PBXBuildFile; fileRef = 9BA71A1B21E0F714009EC1DE /* Assets.xcassets */; };
		9BA71A1F21E0F714009EC1DE /* LaunchScreen.storyboard in Resources */ = {isa = PBXBuildFile; fileRef = 9BA71A1D21E0F714009EC1DE /* LaunchScreen.storyboard */; };
		9BA71A2721E0F8FC009EC1DE /* EditEventTableViewController.swift in Sources */ = {isa = PBXBuildFile; fileRef = 9BA71A2621E0F8FC009EC1DE /* EditEventTableViewController.swift */; };
		9BA71A2921E0F924009EC1DE /* RepeatFrequencyTableViewController.swift in Sources */ = {isa = PBXBuildFile; fileRef = 9BA71A2821E0F924009EC1DE /* RepeatFrequencyTableViewController.swift */; };
/* End PBXBuildFile section */

/* Begin PBXFileReference section */
		9BA71A1121E0F712009EC1DE /* ClockRepeat.app */ = {isa = PBXFileReference; explicitFileType = wrapper.application; includeInIndex = 0; path = ClockRepeat.app; sourceTree = BUILT_PRODUCTS_DIR; };
		9BA71A1421E0F712009EC1DE /* AppDelegate.swift */ = {isa = PBXFileReference; lastKnownFileType = sourcecode.swift; path = AppDelegate.swift; sourceTree = "<group>"; };
		9BA71A1921E0F712009EC1DE /* Base */ = {isa = PBXFileReference; lastKnownFileType = file.storyboard; name = Base; path = Base.lproj/Main.storyboard; sourceTree = "<group>"; };
		9BA71A1B21E0F714009EC1DE /* Assets.xcassets */ = {isa = PBXFileReference; lastKnownFileType = folder.assetcatalog; path = Assets.xcassets; sourceTree = "<group>"; };
		9BA71A1E21E0F714009EC1DE /* Base */ = {isa = PBXFileReference; lastKnownFileType = file.storyboard; name = Base; path = Base.lproj/LaunchScreen.storyboard; sourceTree = "<group>"; };
		9BA71A2021E0F714009EC1DE /* Info.plist */ = {isa = PBXFileReference; lastKnownFileType = text.plist.xml; path = Info.plist; sourceTree = "<group>"; };
		9BA71A2621E0F8FC009EC1DE /* EditEventTableViewController.swift */ = {isa = PBXFileReference; lastKnownFileType = sourcecode.swift; path = EditEventTableViewController.swift; sourceTree = "<group>"; };
		9BA71A2821E0F924009EC1DE /* RepeatFrequencyTableViewController.swift */ = {isa = PBXFileReference; lastKnownFileType = sourcecode.swift; path = RepeatFrequencyTableViewController.swift; sourceTree = "<group>"; };
/* End PBXFileReference section */

/* Begin PBXFrameworksBuildPhase section */
		9BA71A0E21E0F712009EC1DE /* Frameworks */ = {
			isa = PBXFrameworksBuildPhase;
			buildActionMask = 2147483647;
			files = (
			);
			runOnlyForDeploymentPostprocessing = 0;
		};
/* End PBXFrameworksBuildPhase section */

/* Begin PBXGroup section */
		9BA71A0821E0F712009EC1DE = {
			isa = PBXGroup;
			children = (
				9BA71A1321E0F712009EC1DE /* ClockRepeat */,
				9BA71A1221E0F712009EC1DE /* Products */,
			);
			sourceTree = "<group>";
		};
		9BA71A1221E0F712009EC1DE /* Products */ = {
			isa = PBXGroup;
			children = (
				9BA71A1121E0F712009EC1DE /* ClockRepeat.app */,
			);
			name = Products;
			sourceTree = "<group>";
		};
		9BA71A1321E0F712009EC1DE /* ClockRepeat */ = {
			isa = PBXGroup;
			children = (
				9BA71A1421E0F712009EC1DE /* AppDelegate.swift */,
				9BA71A1821E0F712009EC1DE /* Main.storyboard */,
				9BA71A2621E0F8FC009EC1DE /* EditEventTableViewController.swift */,
				9BA71A2821E0F924009EC1DE /* RepeatFrequencyTableViewController.swift */,
				9BA71A1B21E0F714009EC1DE /* Assets.xcassets */,
				9BA71A1D21E0F714009EC1DE /* LaunchScreen.storyboard */,
				9BA71A2021E0F714009EC1DE /* Info.plist */,
			);
			path = ClockRepeat;
			sourceTree = "<group>";
		};
/* End PBXGroup section */

/* Begin PBXNativeTarget section */
		9BA71A1021E0F712009EC1DE /* ClockRepeat */ = {
			isa = PBXNativeTarget;
			buildConfigurationList = 9BA71A2321E0F714009EC1DE /* Build configuration list for PBXNativeTarget "ClockRepeat" */;
			buildPhases = (
				9BA71A0D21E0F712009EC1DE /* Sources */,
				9BA71A0E21E0F712009EC1DE /* Frameworks */,
				9BA71A0F21E0F712009EC1DE /* Resources */,
			);
			buildRules = (
			);
			dependencies = (
			);
			name = ClockRepeat;
			productName = ClockRepeat;
			productReference = 9BA71A1121E0F712009EC1DE /* ClockRepeat.app */;
			productType = "com.apple.product-type.application";
		};
/* End PBXNativeTarget section */

/* Begin PBXProject section */
		9BA71A0921E0F712009EC1DE /* Project object */ = {
			isa = PBXProject;
			attributes = {
				LastSwiftUpdateCheck = 1010;
				LastUpgradeCheck = 1010;
				ORGANIZATIONNAME = "SHIH-YING PAN";
				TargetAttributes = {
					9BA71A1021E0F712009EC1DE = {
						CreatedOnToolsVersion = 10.1;
					};
				};
			};
			buildConfigurationList = 9BA71A0C21E0F712009EC1DE /* Build configuration list for PBXProject "ClockRepeat" */;
			compatibilityVersion = "Xcode 9.3";
			developmentRegion = en;
			hasScannedForEncodings = 0;
			knownRegions = (
				en,
				Base,
			);
			mainGroup = 9BA71A0821E0F712009EC1DE;
			productRefGroup = 9BA71A1221E0F712009EC1DE /* Products */;
			projectDirPath = "";
			projectRoot = "";
			targets = (
				9BA71A1021E0F712009EC1DE /* ClockRepeat */,
			);
		};
/* End PBXProject section */

/* Begin PBXResourcesBuildPhase section */
		9BA71A0F21E0F712009EC1DE /* Resources */ = {
			isa = PBXResourcesBuildPhase;
			buildActionMask = 2147483647;
			files = (
				9BA71A1F21E0F714009EC1DE /* LaunchScreen.storyboard in Resources */,
				9BA71A1C21E0F714009EC1DE /* Assets.xcassets in Resources */,
				9BA71A1A21E0F712009EC1DE /* Main.storyboard in Resources */,
			);
			runOnlyForDeploymentPostprocessing = 0;
		};
/* End PBXResourcesBuildPhase section */

/* Begin PBXSourcesBuildPhase section */
		9BA71A0D21E0F712009EC1DE /* Sources */ = {
			isa = PBXSourcesBuildPhase;
			buildActionMask = 2147483647;
			files = (
				9BA71A2921E0F924009EC1DE /* RepeatFrequencyTableViewController.swift in Sources */,
				9BA71A2721E0F8FC009EC1DE /* EditEventTableViewController.swift in Sources */,
				9BA71A1521E0F712009EC1DE /* AppDelegate.swift in Sources */,
			);
			runOnlyForDeploymentPostprocessing = 0;
		};
/* End PBXSourcesBuildPhase section */

/* Begin PBXVariantGroup section */
		9BA71A1821E0F712009EC1DE /* Main.storyboard */ = {
			isa = PBXVariantGroup;
			children = (
				9BA71A1921E0F712009EC1DE /* Base */,
			);
			name = Main.storyboard;
			sourceTree = "<group>";
		};
		9BA71A1D21E0F714009EC1DE /* LaunchScreen.storyboard */ = {
			isa = PBXVariantGroup;
			children = (
				9BA71A1E21E0F714009EC1DE /* Base */,
			);
			name = LaunchScreen.storyboard;
			sourceTree = "<group>";
		};
/* End PBXVariantGroup section */

/* Begin XCBuildConfiguration section */
		9BA71A2121E0F714009EC1DE /* Debug */ = {
			isa = XCBuildConfiguration;
			buildSettings = {
				ALWAYS_SEARCH_USER_PATHS = NO;
				CLANG_ANALYZER_NONNULL = YES;
				CLANG_ANALYZER_NUMBER_OBJECT_CONVERSION = YES_AGGRESSIVE;
				CLANG_CXX_LANGUAGE_STANDARD = "gnu++14";
				CLANG_CXX_LIBRARY = "libc++";
				CLANG_ENABLE_MODULES = YES;
				CLANG_ENABLE_OBJC_ARC = YES;
				CLANG_ENABLE_OBJC_WEAK = YES;
				CLANG_WARN_BLOCK_CAPTURE_AUTORELEASING = YES;
				CLANG_WARN_BOOL_CONVERSION = YES;
				CLANG_WARN_COMMA = YES;
				CLANG_WARN_CONSTANT_CONVERSION = YES;
				CLANG_WARN_DEPRECATED_OBJC_IMPLEMENTATIONS = YES;
				CLANG_WARN_DIRECT_OBJC_ISA_USAGE = YES_ERROR;
				CLANG_WARN_DOCUMENTATION_COMMENTS = YES;
				CLANG_WARN_EMPTY_BODY = YES;
				CLANG_WARN_ENUM_CONVERSION = YES;
				CLANG_WARN_INFINITE_RECURSION = YES;
				CLANG_WARN_INT_CONVERSION = YES;
				CLANG_WARN_NON_LITERAL_NULL_CONVERSION = YES;
				CLANG_WARN_OBJC_IMPLICIT_RETAIN_SELF = YES;
				CLANG_WARN_OBJC_LITERAL_CONVERSION = YES;
				CLANG_WARN_OBJC_ROOT_CLASS = YES_ERROR;
				CLANG_WARN_RANGE_LOOP_ANALYSIS = YES;
				CLANG_WARN_STRICT_PROTOTYPES = YES;
				CLANG_WARN_SUSPICIOUS_MOVE = YES;
				CLANG_WARN_UNGUARDED_AVAILABILITY = YES_AGGRESSIVE;
				CLANG_WARN_UNREACHABLE_CODE = YES;
				CLANG_WARN__DUPLICATE_METHOD_MATCH = YES;
				CODE_SIGN_IDENTITY = "iPhone Developer";
				COPY_PHASE_STRIP = NO;
				DEBUG_INFORMATION_FORMAT = dwarf;
				ENABLE_STRICT_OBJC_MSGSEND = YES;
				ENABLE_TESTABILITY = YES;
				GCC_C_LANGUAGE_STANDARD = gnu11;
				GCC_DYNAMIC_NO_PIC = NO;
				GCC_NO_COMMON_BLOCKS = YES;
				GCC_OPTIMIZATION_LEVEL = 0;
				GCC_PREPROCESSOR_DEFINITIONS = (
					"DEBUG=1",
					"$(inherited)",
				);
				GCC_WARN_64_TO_32_BIT_CONVERSION = YES;
				GCC_WARN_ABOUT_RETURN_TYPE = YES_ERROR;
				GCC_WARN_UNDECLARED_SELECTOR = YES;
				GCC_WARN_UNINITIALIZED_AUTOS = YES_AGGRESSIVE;
				GCC_WARN_UNUSED_FUNCTION = YES;
				GCC_WARN_UNUSED_VARIABLE = YES;
				IPHONEOS_DEPLOYMENT_TARGET = 12.1;
				MTL_ENABLE_DEBUG_INFO = INCLUDE_SOURCE;
				MTL_FAST_MATH = YES;
				ONLY_ACTIVE_ARCH = YES;
				SDKROOT = iphoneos;
				SWIFT_ACTIVE_COMPILATION_CONDITIONS = DEBUG;
				SWIFT_OPTIMIZATION_LEVEL = "-Onone";
			};
			name = Debug;
		};
		9BA71A2221E0F714009EC1DE /* Release */ = {
			isa = XCBuildConfiguration;
			buildSettings = {
				ALWAYS_SEARCH_USER_PATHS = NO;
				CLANG_ANALYZER_NONNULL = YES;
				CLANG_ANALYZER_NUMBER_OBJECT_CONVERSION = YES_AGGRESSIVE;
				CLANG_CXX_LANGUAGE_STANDARD = "gnu++14";
				CLANG_CXX_LIBRARY = "libc++";
				CLANG_ENABLE_MODULES = YES;
				CLANG_ENABLE_OBJC_ARC = YES;
				CLANG_ENABLE_OBJC_WEAK = YES;
				CLANG_WARN_BLOCK_CAPTURE_AUTORELEASING = YES;
				CLANG_WARN_BOOL_CONVERSION = YES;
				CLANG_WARN_COMMA = YES;
				CLANG_WARN_CONSTANT_CONVERSION = YES;
				CLANG_WARN_DEPRECATED_OBJC_IMPLEMENTATIONS = YES;
				CLANG_WARN_DIRECT_OBJC_ISA_USAGE = YES_ERROR;
				CLANG_WARN_DOCUMENTATION_COMMENTS = YES;
				CLANG_WARN_EMPTY_BODY = YES;
				CLANG_WARN_ENUM_CONVERSION = YES;
				CLANG_WARN_INFINITE_RECURSION = YES;
				CLANG_WARN_INT_CONVERSION = YES;
				CLANG_WARN_NON_LITERAL_NULL_CONVERSION = YES;
				CLANG_WARN_OBJC_IMPLICIT_RETAIN_SELF = YES;
				CLANG_WARN_OBJC_LITERAL_CONVERSION = YES;
				CLANG_WARN_OBJC_ROOT_CLASS = YES_ERROR;
				CLANG_WARN_RANGE_LOOP_ANALYSIS = YES;
				CLANG_WARN_STRICT_PROTOTYPES = YES;
				CLANG_WARN_SUSPICIOUS_MOVE = YES;
				CLANG_WARN_UNGUARDED_AVAILABILITY = YES_AGGRESSIVE;
				CLANG_WARN_UNREACHABLE_CODE = YES;
				CLANG_WARN__DUPLICATE_METHOD_MATCH = YES;
				CODE_SIGN_IDENTITY = "iPhone Developer";
				COPY_PHASE_STRIP = NO;
				DEBUG_INFORMATION_FORMAT = "dwarf-with-dsym";
				ENABLE_NS_ASSERTIONS = NO;
				ENABLE_STRICT_OBJC_MSGSEND = YES;
				GCC_C_LANGUAGE_STANDARD = gnu11;
				GCC_NO_COMMON_BLOCKS = YES;
				GCC_WARN_64_TO_32_BIT_CONVERSION = YES;
				GCC_WARN_ABOUT_RETURN_TYPE = YES_ERROR;
				GCC_WARN_UNDECLARED_SELECTOR = YES;
				GCC_WARN_UNINITIALIZED_AUTOS = YES_AGGRESSIVE;
				GCC_WARN_UNUSED_FUNCTION = YES;
				GCC_WARN_UNUSED_VARIABLE = YES;
				IPHONEOS_DEPLOYMENT_TARGET = 12.1;
				MTL_ENABLE_DEBUG_INFO = NO;
				MTL_FAST_MATH = YES;
				SDKROOT = iphoneos;
				SWIFT_COMPILATION_MODE = wholemodule;
				SWIFT_OPTIMIZATION_LEVEL = "-O";
				VALIDATE_PRODUCT = YES;
			};
			name = Release;
		};
		9BA71A2421E0F714009EC1DE /* Debug */ = {
			isa = XCBuildConfiguration;
			buildSettings = {
				ASSETCATALOG_COMPILER_APPICON_NAME = AppIcon;
				CODE_SIGN_STYLE = Automatic;
				INFOPLIST_FILE = ClockRepeat/Info.plist;
				LD_RUNPATH_SEARCH_PATHS = (
					"$(inherited)",
					"@executable_path/Frameworks",
				);
				PRODUCT_BUNDLE_IDENTIFIER = com.peter.ClockRepeat;
				PRODUCT_NAME = "$(TARGET_NAME)";
				SWIFT_VERSION = 4.2;
				TARGETED_DEVICE_FAMILY = "1,2";
			};
			name = Debug;
		};
		9BA71A2521E0F714009EC1DE /* Release */ = {
			isa = XCBuildConfiguration;
			buildSettings = {
				ASSETCATALOG_COMPILER_APPICON_NAME = AppIcon;
				CODE_SIGN_STYLE = Automatic;
				INFOPLIST_FILE = ClockRepeat/Info.plist;
				LD_RUNPATH_SEARCH_PATHS = (
					"$(inherited)",
					"@executable_path/Frameworks",
				);
				PRODUCT_BUNDLE_IDENTIFIER = com.peter.ClockRepeat;
				PRODUCT_NAME = "$(TARGET_NAME)";
				SWIFT_VERSION = 4.2;
				TARGETED_DEVICE_FAMILY = "1,2";
			};
			name = Release;
		};
/* End XCBuildConfiguration section */

/* Begin XCConfigurationList section */
		9BA71A0C21E0F712009EC1DE /* Build configuration list for PBXProject "ClockRepeat" */ = {
			isa = XCConfigurationList;
			buildConfigurations = (
				9BA71A2121E0F714009EC1DE /* Debug */,
				9BA71A2221E0F714009EC1DE /* Release */,
			);
			defaultConfigurationIsVisible = 0;
			defaultConfigurationName = Release;
		};
		9BA71A2321E0F714009EC1DE /* Build configuration list for PBXNativeTarget "ClockRepeat" */ = {
			isa = XCConfigurationList;
			buildConfigurations = (
				9BA71A2421E0F714009EC1DE /* Debug */,
				9BA71A2521E0F714009EC1DE /* Release */,
			);
			defaultConfigurationIsVisible = 0;
			defaultConfigurationName = Release;
		};
/* End XCConfigurationList section */
	};
	rootObject = 9BA71A0921E0F712009EC1DE /* Project object */;
}
